# THIS IS AN AUTOGENERATED FILE. DO NOT EDIT THIS FILE DIRECTLY.
# yarn lockfile v1


"@kwsites/file-exists@^1.1.1":
  version "1.1.1"
  resolved "https://registry.npm.taobao.org/@kwsites/file-exists/download/@kwsites/file-exists-1.1.1.tgz#ad1efcac13e1987d8dbaf235ef3be5b0d96faa99"
  integrity sha1-rR78rBPhmH2NuvI17zvlsNlvqpk=
  dependencies:
    debug "^4.1.1"

"@kwsites/promise-deferred@^1.0.1":
  version "1.0.1"
  resolved "https://registry.npm.taobao.org/@kwsites/promise-deferred/download/@kwsites/promise-deferred-1.0.1.tgz#63b170e0d02b85a1fa6ad6bdea1f2f14f6f6adc2"
  integrity sha1-Y7Fw4NArhaH6ata96h8vFPb2rcI=

"@octokit/auth-app@^2.4.7":
  version "2.4.7"
  resolved "https://registry.npm.taobao.org/@octokit/auth-app/download/@octokit/auth-app-2.4.7.tgz#a036755c2f801d1414a50fad304050e8cbf2898f"
  integrity sha1-oDZ1XC+AHRQUpQ+tMEBQ6MvyiY8=
  dependencies:
    "@octokit/request" "^5.3.0"
    "@octokit/request-error" "^2.0.0"
    "@octokit/types" "^5.0.0"
    "@types/lru-cache" "^5.1.0"
    lru-cache "^5.1.1"
    universal-github-app-jwt "^1.0.1"
    universal-user-agent "^5.0.0"

"@octokit/auth-token@^2.4.0":
  version "2.4.0"
  resolved "https://registry.npm.taobao.org/@octokit/auth-token/download/@octokit/auth-token-2.4.0.tgz#b64178975218b99e4dfe948253f0673cbbb59d9f"
  integrity sha1-tkF4l1IYuZ5N/pSCU/BnPLu1nZ8=
  dependencies:
    "@octokit/types" "^2.0.0"

"@octokit/core@^3.0.0":
  version "3.1.0"
  resolved "https://registry.npm.taobao.org/@octokit/core/download/@octokit/core-3.1.0.tgz#9c3c9b23f7504668cfa057f143ccbf0c645a0ac9"
  integrity sha1-nDybI/dQRmjPoFfxQ8y/DGRaCsk=
  dependencies:
    "@octokit/auth-token" "^2.4.0"
    "@octokit/graphql" "^4.3.1"
    "@octokit/request" "^5.4.0"
    "@octokit/types" "^5.0.0"
    before-after-hook "^2.1.0"
    universal-user-agent "^5.0.0"

"@octokit/endpoint@^5.5.0":
  version "5.5.3"
  resolved "https://registry.npm.taobao.org/@octokit/endpoint/download/@octokit/endpoint-5.5.3.tgz#0397d1baaca687a4c8454ba424a627699d97c978"
  integrity sha1-A5fRuqymh6TIRUukJKYnaZ2XyXg=
  dependencies:
    "@octokit/types" "^2.0.0"
    is-plain-object "^3.0.0"
    universal-user-agent "^5.0.0"

"@octokit/endpoint@^6.0.1":
  version "6.0.2"
  resolved "https://registry.npm.taobao.org/@octokit/endpoint/download/@octokit/endpoint-6.0.2.tgz#e876aafe68d7f9b6c6d80bf29458403f9afe7b2b"
  integrity sha1-6Haq/mjX+bbG2AvylFhAP5r+eys=
  dependencies:
    "@octokit/types" "^4.0.1"
    is-plain-object "^3.0.0"
    universal-user-agent "^5.0.0"

"@octokit/graphql@^4.3.1":
  version "4.3.1"
  resolved "https://registry.npm.taobao.org/@octokit/graphql/download/@octokit/graphql-4.3.1.tgz#9ee840e04ed2906c7d6763807632de84cdecf418"
  integrity sha1-nuhA4E7SkGx9Z2OAdjLehM3s9Bg=
  dependencies:
    "@octokit/request" "^5.3.0"
    "@octokit/types" "^2.0.0"
    universal-user-agent "^4.0.0"

"@octokit/plugin-paginate-rest@^2.2.0":
  version "2.2.1"
  resolved "https://registry.npm.taobao.org/@octokit/plugin-paginate-rest/download/@octokit/plugin-paginate-rest-2.2.1.tgz#b95ec46c841d51e5e625f383c579d132ab216d05"
  integrity sha1-uV7EbIQdUeXmJfODxXnRMqshbQU=
  dependencies:
    "@octokit/types" "^4.0.1"

"@octokit/plugin-request-log@^1.0.0":
  version "1.0.0"
  resolved "https://registry.npm.taobao.org/@octokit/plugin-request-log/download/@octokit/plugin-request-log-1.0.0.tgz#eef87a431300f6148c39a7f75f8cfeb218b2547e"
  integrity sha1-7vh6QxMA9hSMOaf3X4z+shiyVH4=

"@octokit/plugin-rest-endpoint-methods@4.0.0":
  version "4.0.0"
  resolved "https://registry.npm.taobao.org/@octokit/plugin-rest-endpoint-methods/download/@octokit/plugin-rest-endpoint-methods-4.0.0.tgz#b02a2006dda8e908c3f8ab381dd5475ef5a810a8"
  integrity sha1-sCogBt2o6QjD+Ks4HdVHXvWoEKg=
  dependencies:
    "@octokit/types" "^5.0.0"
    deprecation "^2.3.1"

"@octokit/request-error@^1.0.1":
  version "1.2.1"
  resolved "https://registry.npm.taobao.org/@octokit/request-error/download/@octokit/request-error-1.2.1.tgz#ede0714c773f32347576c25649dc013ae6b31801"
  integrity sha1-7eBxTHc/MjR1dsJWSdwBOuazGAE=
  dependencies:
    "@octokit/types" "^2.0.0"
    deprecation "^2.0.0"
    once "^1.4.0"

"@octokit/request-error@^2.0.0":
  version "2.0.1"
  resolved "https://registry.npm.taobao.org/@octokit/request-error/download/@octokit/request-error-2.0.1.tgz#49bd71e811daffd5bdd06ef514ca47b5039682d1"
  integrity sha1-Sb1x6BHa/9W90G71FMpHtQOWgtE=
  dependencies:
    "@octokit/types" "^4.0.1"
    deprecation "^2.0.0"
    once "^1.4.0"

"@octokit/request@^5.3.0":
  version "5.3.2"
  resolved "https://registry.npm.taobao.org/@octokit/request/download/@octokit/request-5.3.2.tgz#1ca8b90a407772a1ee1ab758e7e0aced213b9883"
  integrity sha1-HKi5CkB3cqHuGrdY5+Cs7SE7mIM=
  dependencies:
    "@octokit/endpoint" "^5.5.0"
    "@octokit/request-error" "^1.0.1"
    "@octokit/types" "^2.0.0"
    deprecation "^2.0.0"
    is-plain-object "^3.0.0"
    node-fetch "^2.3.0"
    once "^1.4.0"
    universal-user-agent "^5.0.0"

"@octokit/request@^5.4.0":
  version "5.4.4"
  resolved "https://registry.npm.taobao.org/@octokit/request/download/@octokit/request-5.4.4.tgz#dc57e85e86284fa016d0c1a2701a70a10cec4ff2"
  integrity sha1-3FfoXoYoT6AW0MGicBpwoQzsT/I=
  dependencies:
    "@octokit/endpoint" "^6.0.1"
    "@octokit/request-error" "^2.0.0"
    "@octokit/types" "^4.0.1"
    deprecation "^2.0.0"
    is-plain-object "^3.0.0"
    node-fetch "^2.3.0"
    once "^1.4.0"
    universal-user-agent "^5.0.0"

"@octokit/rest@^18.0.0":
  version "18.0.0"
  resolved "https://registry.npm.taobao.org/@octokit/rest/download/@octokit/rest-18.0.0.tgz#7f401d9ce13530ad743dfd519ae62ce49bcc0358"
  integrity sha1-f0AdnOE1MK10Pf1RmuYs5JvMA1g=
  dependencies:
    "@octokit/core" "^3.0.0"
    "@octokit/plugin-paginate-rest" "^2.2.0"
    "@octokit/plugin-request-log" "^1.0.0"
    "@octokit/plugin-rest-endpoint-methods" "4.0.0"

"@octokit/types@^2.0.0":
  version "2.3.1"
  resolved "https://registry.npm.taobao.org/@octokit/types/download/@octokit/types-2.3.1.tgz#40cd61c125a6161cfb3bfabc75805ac7a54213b4"
  integrity sha1-QM1hwSWmFhz7O/q8dYBax6VCE7Q=
  dependencies:
    "@types/node" ">= 8"

"@octokit/types@^4.0.1":
  version "4.1.1"
  resolved "https://registry.npm.taobao.org/@octokit/types/download/@octokit/types-4.1.1.tgz#e2dc79d49b04c7f0e84fe61b0da28187d9bbaa2c"
  integrity sha1-4tx51JsEx/DoT+YbDaKBh9m7qiw=
  dependencies:
    "@types/node" ">= 8"

"@octokit/types@^5.0.0":
  version "5.0.1"
  resolved "https://registry.npm.taobao.org/@octokit/types/download/@octokit/types-5.0.1.tgz#5459e9a5e9df8565dcc62c17a34491904d71971e"
  integrity sha1-VFnppenfhWXcxiwXo0SRkE1xlx4=
  dependencies:
    "@types/node" ">= 8"

"@types/jsonwebtoken@^8.3.3":
  version "8.5.0"
  resolved "https://registry.npm.taobao.org/@types/jsonwebtoken/download/@types/jsonwebtoken-8.5.0.tgz#2531d5e300803aa63279b232c014acf780c981c5"
  integrity sha1-JTHV4wCAOqYyebIywBSs94DJgcU=
  dependencies:
    "@types/node" "*"

"@types/lru-cache@^5.1.0":
  version "5.1.0"
  resolved "https://registry.npm.taobao.org/@types/lru-cache/download/@types/lru-cache-5.1.0.tgz#57f228f2b80c046b4a1bd5cac031f81f207f4f03"
  integrity sha1-V/Io8rgMBGtKG9XKwDH4HyB/TwM=

"@types/node@*":
  version "14.0.14"
  resolved "https://registry.npm.taobao.org/@types/node/download/@types/node-14.0.14.tgz?cache=0&sync_timestamp=1592987745418&other_urls=https%3A%2F%2Fregistry.npm.taobao.org%2F%40types%2Fnode%2Fdownload%2F%40types%2Fnode-14.0.14.tgz#24a0b5959f16ac141aeb0c5b3cd7a15b7c64cbce"
  integrity sha1-JKC1lZ8WrBQa6wxbPNehW3xky84=

"@types/node@>= 8":
  version "13.7.7"
  resolved "https://registry.npm.taobao.org/@types/node/download/@types/node-13.7.7.tgz#1628e6461ba8cc9b53196dfeaeec7b07fa6eea99"
  integrity sha1-FijmRhuozJtTGW3+rux7B/pu6pk=

before-after-hook@^2.1.0:
  version "2.1.0"
  resolved "https://registry.npm.taobao.org/before-after-hook/download/before-after-hook-2.1.0.tgz#b6c03487f44e24200dd30ca5e6a1979c5d2fb635"
  integrity sha1-tsA0h/ROJCAN0wyl5qGXnF0vtjU=

buffer-equal-constant-time@1.0.1:
  version "1.0.1"
  resolved "https://registry.npm.taobao.org/buffer-equal-constant-time/download/buffer-equal-constant-time-1.0.1.tgz#f8e71132f7ffe6e01a5c9697a4c6f3e48d5cc819"
  integrity sha1-+OcRMvf/5uAaXJaXpMbz5I1cyBk=

cross-spawn@^6.0.0:
  version "6.0.5"
  resolved "https://registry.npm.taobao.org/cross-spawn/download/cross-spawn-6.0.5.tgz#4a5ec7c64dfae22c3a14124dbacdee846d80cbc4"
  integrity sha1-Sl7Hxk364iw6FBJNus3uhG2Ay8Q=
  dependencies:
    nice-try "^1.0.4"
    path-key "^2.0.1"
    semver "^5.5.0"
    shebang-command "^1.2.0"
    which "^1.2.9"

debug@^4.1.1:
  version "4.1.1"
  resolved "https://registry.npm.taobao.org/debug/download/debug-4.1.1.tgz?cache=0&other_urls=https%3A%2F%2Fregistry.npm.taobao.org%2Fdebug%2Fdownload%2Fdebug-4.1.1.tgz#3b72260255109c6b589cee050f1d516139664791"
  integrity sha1-O3ImAlUQnGtYnO4FDx1RYTlmR5E=
  dependencies:
    ms "^2.1.1"

deprecation@^2.0.0, deprecation@^2.3.1:
  version "2.3.1"
  resolved "https://registry.npm.taobao.org/deprecation/download/deprecation-2.3.1.tgz#6368cbdb40abf3373b525ac87e4a260c3a700919"
  integrity sha1-Y2jL20Cr8zc7UlrIfkomDDpwCRk=

ecdsa-sig-formatter@1.0.11:
  version "1.0.11"
  resolved "https://registry.npm.taobao.org/ecdsa-sig-formatter/download/ecdsa-sig-formatter-1.0.11.tgz#ae0f0fa2d85045ef14a817daa3ce9acd0489e5bf"
  integrity sha1-rg8PothQRe8UqBfao86azQSJ5b8=
  dependencies:
    safe-buffer "^5.0.1"

end-of-stream@^1.1.0:
  version "1.4.4"
  resolved "https://registry.npm.taobao.org/end-of-stream/download/end-of-stream-1.4.4.tgz#5ae64a5f45057baf3626ec14da0ca5e4b2431eb0"
  integrity sha1-WuZKX0UFe682JuwU2gyl5LJDHrA=
  dependencies:
    once "^1.4.0"

execa@^1.0.0:
  version "1.0.0"
  resolved "https://registry.npm.taobao.org/execa/download/execa-1.0.0.tgz#c6236a5bb4df6d6f15e88e7f017798216749ddd8"
  integrity sha1-xiNqW7TfbW8V6I5/AXeYIWdJ3dg=
  dependencies:
    cross-spawn "^6.0.0"
    get-stream "^4.0.0"
    is-stream "^1.1.0"
    npm-run-path "^2.0.0"
    p-finally "^1.0.0"
    signal-exit "^3.0.0"
    strip-eof "^1.0.0"

get-stream@^4.0.0:
  version "4.1.0"
  resolved "https://registry.npm.taobao.org/get-stream/download/get-stream-4.1.0.tgz#c1b255575f3dc21d59bfc79cd3d2b46b1c3a54b5"
  integrity sha1-wbJVV189wh1Zv8ec09K0axw6VLU=
  dependencies:
    pump "^3.0.0"

is-plain-object@^3.0.0:
  version "3.0.0"
  resolved "https://registry.npm.taobao.org/is-plain-object/download/is-plain-object-3.0.0.tgz#47bfc5da1b5d50d64110806c199359482e75a928"
  integrity sha1-R7/F2htdUNZBEIBsGZNZSC51qSg=
  dependencies:
    isobject "^4.0.0"

is-stream@^1.1.0:
  version "1.1.0"
  resolved "https://registry.npm.taobao.org/is-stream/download/is-stream-1.1.0.tgz#12d4a3dd4e68e0b79ceb8dbc84173ae80d91ca44"
  integrity sha1-EtSj3U5o4Lec6428hBc66A2RykQ=

isexe@^2.0.0:
  version "2.0.0"
  resolved "https://registry.npm.taobao.org/isexe/download/isexe-2.0.0.tgz#e8fbf374dc556ff8947a10dcb0572d633f2cfa10"
  integrity sha1-6PvzdNxVb/iUehDcsFctYz8s+hA=

isobject@^4.0.0:
  version "4.0.0"
  resolved "https://registry.npm.taobao.org/isobject/download/isobject-4.0.0.tgz#3f1c9155e73b192022a80819bacd0343711697b0"
  integrity sha1-PxyRVec7GSAiqAgZus0DQ3EWl7A=

jsonwebtoken@^8.5.1:
  version "8.5.1"
  resolved "https://registry.npm.taobao.org/jsonwebtoken/download/jsonwebtoken-8.5.1.tgz#00e71e0b8df54c2121a1f26137df2280673bcc0d"
  integrity sha1-AOceC431TCEhofJhN98igGc7zA0=
  dependencies:
    jws "^3.2.2"
    lodash.includes "^4.3.0"
    lodash.isboolean "^3.0.3"
    lodash.isinteger "^4.0.4"
    lodash.isnumber "^3.0.3"
    lodash.isplainobject "^4.0.6"
    lodash.isstring "^4.0.1"
    lodash.once "^4.0.0"
    ms "^2.1.1"
    semver "^5.6.0"

jwa@^1.4.1:
  version "1.4.1"
  resolved "https://registry.npm.taobao.org/jwa/download/jwa-1.4.1.tgz#743c32985cb9e98655530d53641b66c8645b039a"
  integrity sha1-dDwymFy56YZVUw1TZBtmyGRbA5o=
  dependencies:
    buffer-equal-constant-time "1.0.1"
    ecdsa-sig-formatter "1.0.11"
    safe-buffer "^5.0.1"

jws@^3.2.2:
  version "3.2.2"
  resolved "https://registry.npm.taobao.org/jws/download/jws-3.2.2.tgz#001099f3639468c9414000e99995fa52fb478304"
  integrity sha1-ABCZ82OUaMlBQADpmZX6UvtHgwQ=
  dependencies:
    jwa "^1.4.1"
    safe-buffer "^5.0.1"

lodash.includes@^4.3.0:
  version "4.3.0"
  resolved "https://registry.npm.taobao.org/lodash.includes/download/lodash.includes-4.3.0.tgz#60bb98a87cb923c68ca1e51325483314849f553f"
  integrity sha1-YLuYqHy5I8aMoeUTJUgzFISfVT8=

lodash.isboolean@^3.0.3:
  version "3.0.3"
  resolved "https://registry.npm.taobao.org/lodash.isboolean/download/lodash.isboolean-3.0.3.tgz#6c2e171db2a257cd96802fd43b01b20d5f5870f6"
  integrity sha1-bC4XHbKiV82WgC/UOwGyDV9YcPY=

lodash.isinteger@^4.0.4:
  version "4.0.4"
  resolved "https://registry.npm.taobao.org/lodash.isinteger/download/lodash.isinteger-4.0.4.tgz#619c0af3d03f8b04c31f5882840b77b11cd68343"
  integrity sha1-YZwK89A/iwTDH1iChAt3sRzWg0M=

lodash.isnumber@^3.0.3:
  version "3.0.3"
  resolved "https://registry.npm.taobao.org/lodash.isnumber/download/lodash.isnumber-3.0.3.tgz#3ce76810c5928d03352301ac287317f11c0b1ffc"
  integrity sha1-POdoEMWSjQM1IwGsKHMX8RwLH/w=

lodash.isplainobject@^4.0.6:
  version "4.0.6"
  resolved "https://registry.npm.taobao.org/lodash.isplainobject/download/lodash.isplainobject-4.0.6.tgz#7c526a52d89b45c45cc690b88163be0497f550cb"
  integrity sha1-fFJqUtibRcRcxpC4gWO+BJf1UMs=

lodash.isstring@^4.0.1:
  version "4.0.1"
  resolved "https://registry.npm.taobao.org/lodash.isstring/download/lodash.isstring-4.0.1.tgz#d527dfb5456eca7cc9bb95d5daeaf88ba54a5451"
  integrity sha1-1SfftUVuynzJu5XV2ur4i6VKVFE=

lodash.once@^4.0.0:
  version "4.1.1"
  resolved "https://registry.npm.taobao.org/lodash.once/download/lodash.once-4.1.1.tgz#0dd3971213c7c56df880977d504c88fb471a97ac"
  integrity sha1-DdOXEhPHxW34gJd9UEyI+0cal6w=

lru-cache@^5.1.1:
  version "5.1.1"
  resolved "https://registry.npm.taobao.org/lru-cache/download/lru-cache-5.1.1.tgz#1da27e6710271947695daf6848e847f01d84b920"
  integrity sha1-HaJ+ZxAnGUdpXa9oSOhH8B2EuSA=
  dependencies:
    yallist "^3.0.2"

macos-release@^2.2.0:
  version "2.3.0"
  resolved "https://registry.npm.taobao.org/macos-release/download/macos-release-2.3.0.tgz#eb1930b036c0800adebccd5f17bc4c12de8bb71f"
  integrity sha1-6xkwsDbAgArevM1fF7xMEt6Ltx8=

ms@^2.1.1:
  version "2.1.2"
  resolved "https://registry.npm.taobao.org/ms/download/ms-2.1.2.tgz#d09d1f357b443f493382a8eb3ccd183872ae6009"
  integrity sha1-0J0fNXtEP0kzgqjrPM0YOHKuYAk=

nice-try@^1.0.4:
  version "1.0.5"
  resolved "https://registry.npm.taobao.org/nice-try/download/nice-try-1.0.5.tgz#a3378a7696ce7d223e88fc9b764bd7ef1089e366"
  integrity sha1-ozeKdpbOfSI+iPybdkvX7xCJ42Y=

node-fetch@^2.3.0:
  version "2.6.0"
  resolved "https://registry.npm.taobao.org/node-fetch/download/node-fetch-2.6.0.tgz?cache=0&sync_timestamp=1580303389272&other_urls=https%3A%2F%2Fregistry.npm.taobao.org%2Fnode-fetch%2Fdownload%2Fnode-fetch-2.6.0.tgz#e633456386d4aa55863f676a7ab0daa8fdecb0fd"
  integrity sha1-5jNFY4bUqlWGP2dqerDaqP3ssP0=

npm-run-path@^2.0.0:
  version "2.0.2"
  resolved "https://registry.npm.taobao.org/npm-run-path/download/npm-run-path-2.0.2.tgz#35a9232dfa35d7067b4cb2ddf2357b1871536c5f"
  integrity sha1-NakjLfo11wZ7TLLd8jV7GHFTbF8=
  dependencies:
    path-key "^2.0.0"

once@^1.3.1, once@^1.4.0:
  version "1.4.0"
  resolved "https://registry.npm.taobao.org/once/download/once-1.4.0.tgz#583b1aa775961d4b113ac17d9c50baef9dd76bd1"
  integrity sha1-WDsap3WWHUsROsF9nFC6753Xa9E=
  dependencies:
    wrappy "1"

os-name@^3.1.0:
  version "3.1.0"
  resolved "https://registry.npm.taobao.org/os-name/download/os-name-3.1.0.tgz#dec19d966296e1cd62d701a5a66ee1ddeae70801"
  integrity sha1-3sGdlmKW4c1i1wGlpm7h3ernCAE=
  dependencies:
    macos-release "^2.2.0"
    windows-release "^3.1.0"

p-finally@^1.0.0:
  version "1.0.0"
  resolved "https://registry.npm.taobao.org/p-finally/download/p-finally-1.0.0.tgz#3fbcfb15b899a44123b34b6dcc18b724336a2cae"
  integrity sha1-P7z7FbiZpEEjs0ttzBi3JDNqLK4=

path-key@^2.0.0, path-key@^2.0.1:
  version "2.0.1"
  resolved "https://registry.npm.taobao.org/path-key/download/path-key-2.0.1.tgz#411cadb574c5a140d3a4b1910d40d80cc9f40b40"
  integrity sha1-QRyttXTFoUDTpLGRDUDYDMn0C0A=

pump@^3.0.0:
  version "3.0.0"
  resolved "https://registry.npm.taobao.org/pump/download/pump-3.0.0.tgz#b4a2116815bde2f4e1ea602354e8c75565107a64"
  integrity sha1-tKIRaBW94vTh6mAjVOjHVWUQemQ=
  dependencies:
    end-of-stream "^1.1.0"
    once "^1.3.1"

safe-buffer@^5.0.1:
  version "5.2.1"
  resolved "https://registry.npm.taobao.org/safe-buffer/download/safe-buffer-5.2.1.tgz?cache=0&sync_timestamp=1589129378619&other_urls=https%3A%2F%2Fregistry.npm.taobao.org%2Fsafe-buffer%2Fdownload%2Fsafe-buffer-5.2.1.tgz#1eaf9fa9bdb1fdd4ec75f58f9cdb4e6b7827eec6"
  integrity sha1-Hq+fqb2x/dTsdfWPnNtOa3gn7sY=

semver@^5.5.0, semver@^5.6.0:
  version "5.7.1"
  resolved "https://registry.npm.taobao.org/semver/download/semver-5.7.1.tgz#a954f931aeba508d307bbf069eff0c01c96116f7"
  integrity sha1-qVT5Ma66UI0we78Gnv8MAclhFvc=

shebang-command@^1.2.0:
  version "1.2.0"
  resolved "https://registry.npm.taobao.org/shebang-command/download/shebang-command-1.2.0.tgz#44aac65b695b03398968c39f363fee5deafdf1ea"
  integrity sha1-RKrGW2lbAzmJaMOfNj/uXer98eo=
  dependencies:
    shebang-regex "^1.0.0"

shebang-regex@^1.0.0:
  version "1.0.0"
  resolved "https://registry.npm.taobao.org/shebang-regex/download/shebang-regex-1.0.0.tgz#da42f49740c0b42db2ca9728571cb190c98efea3"
  integrity sha1-2kL0l0DAtC2yypcoVxyxkMmO/qM=

signal-exit@^3.0.0:
  version "3.0.2"
  resolved "https://registry.npm.taobao.org/signal-exit/download/signal-exit-3.0.2.tgz#b5fdc08f1287ea1178628e415e25132b73646c6d"
  integrity sha1-tf3AjxKH6hF4Yo5BXiUTK3NkbG0=

simple-git@^2.11.0:
  version "2.11.0"
  resolved "https://registry.npm.taobao.org/simple-git/download/simple-git-2.11.0.tgz#5bd99fe3465dcbcb82f0eb23ab3c1615cb947374"
  integrity sha1-W9mf40Zdy8uC8OsjqzwWFcuUc3Q=
  dependencies:
    "@kwsites/file-exists" "^1.1.1"
    "@kwsites/promise-deferred" "^1.0.1"
    debug "^4.1.1"

strip-eof@^1.0.0:
  version "1.0.0"
  resolved "https://registry.npm.taobao.org/strip-eof/download/strip-eof-1.0.0.tgz#bb43ff5598a6eb05d89b59fcd129c983313606bf"
  integrity sha1-u0P/VZim6wXYm1n80SnJgzE2Br8=

universal-github-app-jwt@^1.0.1:
  version "1.0.2"
  resolved "https://registry.npm.taobao.org/universal-github-app-jwt/download/universal-github-app-jwt-1.0.2.tgz#9a7305e44b2a0eb565d83d11682eebe5be8bde8b"
  integrity sha1-mnMF5EsqDrVl2D0RaC7r5b6L3os=
  dependencies:
    "@types/jsonwebtoken" "^8.3.3"
    jsonwebtoken "^8.5.1"

universal-user-agent@^4.0.0:
  version "4.0.1"
  resolved "https://registry.npm.taobao.org/universal-user-agent/download/universal-user-agent-4.0.1.tgz#fd8d6cb773a679a709e967ef8288a31fcc03e557"
  integrity sha1-/Y1st3OmeacJ6WfvgoijH8wD5Vc=
  dependencies:
    os-name "^3.1.0"

universal-user-agent@^5.0.0:
  version "5.0.0"
  resolved "https://registry.npm.taobao.org/universal-user-agent/download/universal-user-agent-5.0.0.tgz#a3182aa758069bf0e79952570ca757de3579c1d9"
  integrity sha1-oxgqp1gGm/DnmVJXDKdX3jV5wdk=
  dependencies:
    os-name "^3.1.0"

which@^1.2.9:
  version "1.3.1"
  resolved "https://registry.npm.taobao.org/which/download/which-1.3.1.tgz#a45043d54f5805316da8d62f9f50918d3da70b0a"
  integrity sha1-pFBD1U9YBTFtqNYvn1CRjT2nCwo=
  dependencies:
    isexe "^2.0.0"

windows-release@^3.1.0:
  version "3.2.0"
  resolved "https://registry.npm.taobao.org/windows-release/download/windows-release-3.2.0.tgz#8122dad5afc303d833422380680a79cdfa91785f"
  integrity sha1-gSLa1a/DA9gzQiOAaAp5zfqReF8=
  dependencies:
    execa "^1.0.0"

wrappy@1:
  version "1.0.2"
  resolved "https://registry.npm.taobao.org/wrappy/download/wrappy-1.0.2.tgz#b5243d8f3ec1aa35f1364605bc0d1036e30ab69f"
  integrity sha1-tSQ9jz7BqjXxNkYFvA0QNuMKtp8=

yallist@^3.0.2:
  version "3.1.1"
  resolved "https://registry.npm.taobao.org/yallist/download/yallist-3.1.1.tgz#dbb7daf9bfd8bac9ab45ebf602b8cbad0d5d08fd"
  integrity sha1-27fa+b/YusmrRev2ArjLrQ1dCP0=
